
Microsoft Visual Studio Solution File, Format Version 12.00
# Visual Studio Version 16
VisualStudioVersion = 16.0.30104.148
MinimumVisualStudioVersion = 10.0.40219.1
Project("{FAE04EC0-301F-11D3-BF4B-00C04F79EFBC}") = "LemonTech", "LemonTech\LemonTech.csproj", "{AD8ADD7C-D3EE-4DF0-BCCA-CF84809B060F}"
EndProject
Project("{FAE04EC0-301F-11D3-BF4B-00C04F79EFBC}") = "LemonTech.Repository", "LemonTech.Repository\LemonTech.Repository.csproj", "{D7DE2000-729C-4DED-8B1E-08A7935F691C}"
EndProject
Project("{FAE04EC0-301F-11D3-BF4B-00C04F79EFBC}") = "Lemontech.DataLayer", "Lemontech.DataLayer\Lemontech.DataLayer.csproj", "{39174F16-AA88-4219-A72F-C14A50E21BB2}"
EndProject
Global
	GlobalSection(SolutionConfigurationPlatforms) = preSolution
		Debug|Any CPU = Debug|Any CPU
		Release|Any CPU = Release|Any CPU
	EndGlobalSection
	GlobalSection(ProjectConfigurationPlatforms) = postSolution
		{AD8ADD7C-D3EE-4DF0-BCCA-CF84809B060F}.Debug|Any CPU.ActiveCfg = Debug|Any CPU
		{AD8ADD7C-D3EE-4DF0-BCCA-CF84809B060F}.Debug|Any CPU.Build.0 = Debug|Any CPU
		{AD8ADD7C-D3EE-4DF0-BCCA-CF84809B060F}.Release|Any CPU.ActiveCfg = Release|Any CPU
		{AD8ADD7C-D3EE-4DF0-BCCA-CF84809B060F}.Release|Any CPU.Build.0 = Release|Any CPU
		{D7DE2000-729C-4DED-8B1E-08A7935F691C}.Debug|Any CPU.ActiveCfg = Debug|Any CPU
		{D7DE2000-729C-4DED-8B1E-08A7935F691C}.Debug|Any CPU.Build.0 = Debug|Any CPU
		{D7DE2000-729C-4DED-8B1E-08A7935F691C}.Release|Any CPU.ActiveCfg = Release|Any CPU
		{D7DE2000-729C-4DED-8B1E-08A7935F691C}.Release|Any CPU.Build.0 = Release|Any CPU
		{39174F16-AA88-4219-A72F-C14A50E21BB2}.Debug|Any CPU.ActiveCfg = Debug|Any CPU
		{39174F16-AA88-4219-A72F-C14A50E21BB2}.Debug|Any CPU.Build.0 = Debug|Any CPU
		{39174F16-AA88-4219-A72F-C14A50E21BB2}.Release|Any CPU.ActiveCfg = Release|Any CPU
		{39174F16-AA88-4219-A72F-C14A50E21BB2}.Release|Any CPU.Build.0 = Release|Any CPU
	EndGlobalSection
	GlobalSection(SolutionProperties) = preSolution
		HideSolutionNode = FALSE
	EndGlobalSection
	GlobalSection(ExtensibilityGlobals) = postSolution
		SolutionGuid = {CD34720D-6820-493A-AE72-8F4AF26607DE}
	EndGlobalSection
EndGlobal
